// !$*UTF8*$!
{
	archiveVersion = 1;
	classes = {
	};
	objectVersion = 45;
	objects = {

/* Begin PBXAggregateTarget section */
		1A2BAAC40F8BE2BF00B355CB /* All */ = {
			isa = PBXAggregateTarget;
			buildConfigurationList = 1A2BAACF0F8BE2F900B355CB /* Build configuration list for PBXAggregateTarget "All" */;
			buildPhases = (
			);
			dependencies = (
				1A2BAACA0F8BE2C900B355CB /* PBXTargetDependency */,
				1A2BAAC80F8BE2C900B355CB /* PBXTargetDependency */,
			);
			name = All;
			productName = All;
		};
/* End PBXAggregateTarget section */

/* Begin PBXBuildFile section */
		1A2BAAA70F8BDDBD00B355CB /* Guest.m in Sources */ = {isa = PBXBuildFile; fileRef = 1A2BAA6D0F8BD90F00B355CB /* Guest.m */; };
		1A2BAAA90F8BDDCB00B355CB /* Greeter.m in Sources */ = {isa = PBXBuildFile; fileRef = 08FB7796FE84155DC02AAC07 /* Greeter.m */; };
		1A2BAAD10F8BE35700B355CB /* Foundation.framework in Frameworks */ = {isa = PBXBuildFile; fileRef = 08FB779EFE84155DC02AAC07 /* Foundation.framework */; };
		1AAD9D0C0F8DBE040038B59D /* Greeter_main.m in Sources */ = {isa = PBXBuildFile; fileRef = 1AAD9D0B0F8DBE040038B59D /* Greeter_main.m */; };
		1AAD9D150F8DC6160038B59D /* Guest_main.m in Sources */ = {isa = PBXBuildFile; fileRef = 1AAD9D110F8DBE680038B59D /* Guest_main.m */; };
		1AAD9D160F8DC6240038B59D /* Guest.m in Sources */ = {isa = PBXBuildFile; fileRef = 1A2BAA6D0F8BD90F00B355CB /* Guest.m */; };
		8DD76F9A0486AA7600D96B5E /* Greeter.m in Sources */ = {isa = PBXBuildFile; fileRef = 08FB7796FE84155DC02AAC07 /* Greeter.m */; settings = {ATTRIBUTES = (); }; };
		8DD76F9C0486AA7600D96B5E /* Foundation.framework in Frameworks */ = {isa = PBXBuildFile; fileRef = 08FB779EFE84155DC02AAC07 /* Foundation.framework */; };
/* End PBXBuildFile section */

/* Begin PBXContainerItemProxy section */
		1A2BAAC70F8BE2C900B355CB /* PBXContainerItemProxy */ = {
			isa = PBXContainerItemProxy;
			containerPortal = 08FB7793FE84155DC02AAC07 /* Project object */;
			proxyType = 1;
			remoteGlobalIDString = 1A2BAA8A0F8BDADF00B355CB;
			remoteInfo = Guest;
		};
		1A2BAAC90F8BE2C900B355CB /* PBXContainerItemProxy */ = {
			isa = PBXContainerItemProxy;
			containerPortal = 08FB7793FE84155DC02AAC07 /* Project object */;
			proxyType = 1;
			remoteGlobalIDString = 8DD76F960486AA7600D96B5E;
			remoteInfo = Greeter;
		};
/* End PBXContainerItemProxy section */

/* Begin PBXFileReference section */
		08FB7796FE84155DC02AAC07 /* Greeter.m */ = {isa = PBXFileReference; fileEncoding = 4; lastKnownFileType = sourcecode.c.objc; path = Greeter.m; sourceTree = "<group>"; };
		08FB779EFE84155DC02AAC07 /* Foundation.framework */ = {isa = PBXFileReference; lastKnownFileType = wrapper.framework; name = Foundation.framework; path = /System/Library/Frameworks/Foundation.framework; sourceTree = "<absolute>"; };
		1A2BAA6C0F8BD90F00B355CB /* Guest.h */ = {isa = PBXFileReference; fileEncoding = 4; lastKnownFileType = sourcecode.c.h; path = Guest.h; sourceTree = "<group>"; };
		1A2BAA6D0F8BD90F00B355CB /* Guest.m */ = {isa = PBXFileReference; fileEncoding = 4; lastKnownFileType = sourcecode.c.objc; path = Guest.m; sourceTree = "<group>"; };
		1A2BAA740F8BD94300B355CB /* Greeter.h */ = {isa = PBXFileReference; fileEncoding = 4; lastKnownFileType = sourcecode.c.h; path = Greeter.h; sourceTree = "<group>"; };
		1A2BAA8B0F8BDADF00B355CB /* Guest */ = {isa = PBXFileReference; explicitFileType = "compiled.mach-o.executable"; includeInIndex = 0; path = Guest; sourceTree = BUILT_PRODUCTS_DIR; };
		1AAD9D0B0F8DBE040038B59D /* Greeter_main.m */ = {isa = PBXFileReference; fileEncoding = 4; lastKnownFileType = sourcecode.c.objc; path = Greeter_main.m; sourceTree = "<group>"; };
		1AAD9D110F8DBE680038B59D /* Guest_main.m */ = {isa = PBXFileReference; fileEncoding = 4; lastKnownFileType = sourcecode.c.objc; path = Guest_main.m; sourceTree = "<group>"; };
		32A70AAB03705E1F00C91783 /* Greeter_Prefix.pch */ = {isa = PBXFileReference; fileEncoding = 4; lastKnownFileType = sourcecode.c.h; path = Greeter_Prefix.pch; sourceTree = "<group>"; };
		8DD76FA10486AA7600D96B5E /* Greeter */ = {isa = PBXFileReference; explicitFileType = "compiled.mach-o.executable"; includeInIndex = 0; path = Greeter; sourceTree = BUILT_PRODUCTS_DIR; };
/* End PBXFileReference section */

/* Begin PBXFrameworksBuildPhase section */
		1A2BAA890F8BDADF00B355CB /* Frameworks */ = {
			isa = PBXFrameworksBuildPhase;
			buildActionMask = 2147483647;
			files = (
				1A2BAAD10F8BE35700B355CB /* Foundation.framework in Frameworks */,
			);
			runOnlyForDeploymentPostprocessing = 0;
		};
		8DD76F9B0486AA7600D96B5E /* Frameworks */ = {
			isa = PBXFrameworksBuildPhase;
			buildActionMask = 2147483647;
			files = (
				8DD76F9C0486AA7600D96B5E /* Foundation.framework in Frameworks */,
			);
			runOnlyForDeploymentPostprocessing = 0;
		};
/* End PBXFrameworksBuildPhase section */

/* Begin PBXGroup section */
		08FB7794FE84155DC02AAC07 /* Greeter */ = {
			isa = PBXGroup;
			children = (
				08FB7795FE84155DC02AAC07 /* Source */,
				C6859EA2029092E104C91782 /* Documentation */,
				08FB779DFE84155DC02AAC07 /* External Frameworks and Libraries */,
				1AB674ADFE9D54B511CA2CBB /* Products */,
			);
			name = Greeter;
			sourceTree = "<group>";
		};
		08FB7795FE84155DC02AAC07 /* Source */ = {
			isa = PBXGroup;
			children = (
				32A70AAB03705E1F00C91783 /* Greeter_Prefix.pch */,
				1A2BAA740F8BD94300B355CB /* Greeter.h */,
				08FB7796FE84155DC02AAC07 /* Greeter.m */,
				1AAD9D0B0F8DBE040038B59D /* Greeter_main.m */,
				1A2BAA6C0F8BD90F00B355CB /* Guest.h */,
				1A2BAA6D0F8BD90F00B355CB /* Guest.m */,
				1AAD9D110F8DBE680038B59D /* Guest_main.m */,
			);
			name = Source;
			sourceTree = "<group>";
		};
		08FB779DFE84155DC02AAC07 /* External Frameworks and Libraries */ = {
			isa = PBXGroup;
			children = (
				08FB779EFE84155DC02AAC07 /* Foundation.framework */,
			);
			name = "External Frameworks and Libraries";
			sourceTree = "<group>";
		};
		1AB674ADFE9D54B511CA2CBB /* Products */ = {
			isa = PBXGroup;
			children = (
				8DD76FA10486AA7600D96B5E /* Greeter */,
				1A2BAA8B0F8BDADF00B355CB /* Guest */,
			);
			name = Products;
			sourceTree = "<group>";
		};
		C6859EA2029092E104C91782 /* Documentation */ = {
			isa = PBXGroup;
			children = (
			);
			name = Documentation;
			sourceTree = "<group>";
		};
/* End PBXGroup section */

/* Begin PBXNativeTarget section */
		1A2BAA8A0F8BDADF00B355CB /* Guest */ = {
			isa = PBXNativeTarget;
			buildConfigurationList = 1A2BAA8F0F8BDB0000B355CB /* Build configuration list for PBXNativeTarget "Guest" */;
			buildPhases = (
				1A2BAA880F8BDADF00B355CB /* Sources */,
				1A2BAA890F8BDADF00B355CB /* Frameworks */,
			);
			buildRules = (
			);
			dependencies = (
			);
			name = Guest;
			productName = Guest;
			productReference = 1A2BAA8B0F8BDADF00B355CB /* Guest */;
			productType = "com.apple.product-type.tool";
		};
		8DD76F960486AA7600D96B5E /* Greeter */ = {
			isa = PBXNativeTarget;
			buildConfigurationList = 1DEB927408733DD40010E9CD /* Build configuration list for PBXNativeTarget "Greeter" */;
			buildPhases = (
				8DD76F990486AA7600D96B5E /* Sources */,
				8DD76F9B0486AA7600D96B5E /* Frameworks */,
			);
			buildRules = (
			);
			dependencies = (
			);
			name = Greeter;
			productInstallPath = "$(HOME)/bin";
			productName = Greeter;
			productReference = 8DD76FA10486AA7600D96B5E /* Greeter */;
			productType = "com.apple.product-type.tool";
		};
/* End PBXNativeTarget section */

/* Begin PBXProject section */
		08FB7793FE84155DC02AAC07 /* Project object */ = {
			isa = PBXProject;
			buildConfigurationList = 1DEB927808733DD40010E9CD /* Build configuration list for PBXProject "Greeter" */;
			compatibilityVersion = "Xcode 3.1";
			hasScannedForEncodings = 1;
			mainGroup = 08FB7794FE84155DC02AAC07 /* Greeter */;
			projectDirPath = "";
			projectRoot = "";
			targets = (
				1A2BAAC40F8BE2BF00B355CB /* All */,
				8DD76F960486AA7600D96B5E /* Greeter */,
				1A2BAA8A0F8BDADF00B355CB /* Guest */,
			);
		};
/* End PBXProject section */

/* Begin PBXSourcesBuildPhase section */
		1A2BAA880F8BDADF00B355CB /* Sources */ = {
			isa = PBXSourcesBuildPhase;
			buildActionMask = 2147483647;
			files = (
				1A2BAAA70F8BDDBD00B355CB /* Guest.m in Sources */,
				1A2BAAA90F8BDDCB00B355CB /* Greeter.m in Sources */,
				1AAD9D150F8DC6160038B59D /* Guest_main.m in Sources */,
			);
			runOnlyForDeploymentPostprocessing = 0;
		};
		8DD76F990486AA7600D96B5E /* Sources */ = {
			isa = PBXSourcesBuildPhase;
			buildActionMask = 2147483647;
			files = (
				8DD76F9A0486AA7600D96B5E /* Greeter.m in Sources */,
				1AAD9D0C0F8DBE040038B59D /* Greeter_main.m in Sources */,
				1AAD9D160F8DC6240038B59D /* Guest.m in Sources */,
			);
			runOnlyForDeploymentPostprocessing = 0;
		};
/* End PBXSourcesBuildPhase section */

/* Begin PBXTargetDependency section */
		1A2BAAC80F8BE2C900B355CB /* PBXTargetDependency */ = {
			isa = PBXTargetDependency;
			target = 1A2BAA8A0F8BDADF00B355CB /* Guest */;
			targetProxy = 1A2BAAC70F8BE2C900B355CB /* PBXContainerItemProxy */;
		};
		1A2BAACA0F8BE2C900B355CB /* PBXTargetDependency */ = {
			isa = PBXTargetDependency;
			target = 8DD76F960486AA7600D96B5E /* Greeter */;
			targetProxy = 1A2BAAC90F8BE2C900B355CB /* PBXContainerItemProxy */;
		};
/* End PBXTargetDependency section */

/* Begin XCBuildConfiguration section */
		1A2BAA8D0F8BDAE000B355CB /* Debug */ = {
			isa = XCBuildConfiguration;
			buildSettings = {
				ALWAYS_SEARCH_USER_PATHS = NO;
				COPY_PHASE_STRIP = NO;
				GCC_DYNAMIC_NO_PIC = NO;
				GCC_ENABLE_FIX_AND_CONTINUE = YES;
				GCC_MODEL_TUNING = G5;
				GCC_OPTIMIZATION_LEVEL = 0;
				GCC_PRECOMPILE_PREFIX_HEADER = YES;
				GCC_PREFIX_HEADER = Greeter_Prefix.pch;
				INSTALL_PATH = /usr/local/bin;
				PRODUCT_NAME = Guest;
			};
			name = Debug;
		};
		1A2BAA8E0F8BDAE000B355CB /* Release */ = {
			isa = XCBuildConfiguration;
			buildSettings = {
				ALWAYS_SEARCH_USER_PATHS = NO;
				COPY_PHASE_STRIP = YES;
				DEBUG_INFORMATION_FORMAT = "dwarf-with-dsym";
				GCC_ENABLE_FIX_AND_CONTINUE = NO;
				GCC_MODEL_TUNING = G5;
				GCC_PRECOMPILE_PREFIX_HEADER = YES;
				GCC_PREFIX_HEADER = Greeter_Prefix.pch;
				INSTALL_PATH = /usr/local/bin;
				PRODUCT_NAME = Guest;
			};
			name = Release;
		};
		1A2BAAC50F8BE2BF00B355CB /* Debug */ = {
			isa = XCBuildConfiguration;
			buildSettings = {
				COPY_PHASE_STRIP = NO;
				GCC_DYNAMIC_NO_PIC = NO;
				GCC_OPTIMIZATION_LEVEL = 0;
				PRODUCT_NAME = All;
			};
			name = Debug;
		};
		1A2BAAC60F8BE2BF00B355CB /* Release */ = {
			isa = XCBuildConfiguration;
			buildSettings = {
				COPY_PHASE_STRIP = YES;
				DEBUG_INFORMATION_FORMAT = "dwarf-with-dsym";
				GCC_ENABLE_FIX_AND_CONTINUE = NO;
				PRODUCT_NAME = All;
				ZERO_LINK = NO;
			};
			name = Release;
		};
		1DEB927508733DD40010E9CD /* Debug */ = {
			isa = XCBuildConfiguration;
			buildSettings = {
				ALWAYS_SEARCH_USER_PATHS = NO;
				COPY_PHASE_STRIP = NO;
				GCC_DYNAMIC_NO_PIC = NO;
				GCC_ENABLE_FIX_AND_CONTINUE = YES;
				GCC_MODEL_TUNING = G5;
				GCC_OPTIMIZATION_LEVEL = 0;
				GCC_PRECOMPILE_PREFIX_HEADER = YES;
				GCC_PREFIX_HEADER = Greeter_Prefix.pch;
				INSTALL_PATH = /usr/local/bin;
				PRODUCT_NAME = Greeter;
			};
			name = Debug;
		};
		1DEB927608733DD40010E9CD /* Release */ = {
			isa = XCBuildConfiguration;
			buildSettings = {
				ALWAYS_SEARCH_USER_PATHS = NO;
				DEBUG_INFORMATION_FORMAT = "dwarf-with-dsym";
				GCC_MODEL_TUNING = G5;
				GCC_PRECOMPILE_PREFIX_HEADER = YES;
				GCC_PREFIX_HEADER = Greeter_Prefix.pch;
				INSTALL_PATH = /usr/local/bin;
				PRODUCT_NAME = Greeter;
			};
			name = Release;
		};
		1DEB927908733DD40010E9CD /* Debug */ = {
			isa = XCBuildConfiguration;
			buildSettings = {
				ARCHS = "$(ARCHS_STANDARD_32_BIT)";
				GCC_C_LANGUAGE_STANDARD = c99;
				GCC_ENABLE_OBJC_GC = required;
				GCC_OPTIMIZATION_LEVEL = 0;
				GCC_WARN_ABOUT_RETURN_TYPE = YES;
				GCC_WARN_UNUSED_VARIABLE = YES;
				ONLY_ACTIVE_ARCH = YES;
				PREBINDING = NO;
				SDKROOT = macosx10.5;
			};
			name = Debug;
		};
		1DEB927A08733DD40010E9CD /* Release */ = {
			isa = XCBuildConfiguration;
			buildSettings = {
				ARCHS = "$(ARCHS_STANDARD_32_BIT)";
				GCC_C_LANGUAGE_STANDARD = c99;
				GCC_ENABLE_OBJC_GC = required;
				GCC_WARN_ABOUT_RETURN_TYPE = YES;
				GCC_WARN_UNUSED_VARIABLE = YES;
				PREBINDING = NO;
				SDKROOT = macosx10.5;
			};
			name = Release;
		};
/* End XCBuildConfiguration section */

/* Begin XCConfigurationList section */
		1A2BAA8F0F8BDB0000B355CB /* Build configuration list for PBXNativeTarget "Guest" */ = {
			isa = XCConfigurationList;
			buildConfigurations = (
				1A2BAA8D0F8BDAE000B355CB /* Debug */,
				1A2BAA8E0F8BDAE000B355CB /* Release */,
			);
			defaultConfigurationIsVisible = 0;
			defaultConfigurationName = Release;
		};
		1A2BAACF0F8BE2F900B355CB /* Build configuration list for PBXAggregateTarget "All" */ = {
			isa = XCConfigurationList;
			buildConfigurations = (
				1A2BAAC50F8BE2BF00B355CB /* Debug */,
				1A2BAAC60F8BE2BF00B355CB /* Release */,
			);
			defaultConfigurationIsVisible = 0;
			defaultConfigurationName = Release;
		};
		1DEB927408733DD40010E9CD /* Build configuration list for PBXNativeTarget "Greeter" */ = {
			isa = XCConfigurationList;
			buildConfigurations = (
				1DEB927508733DD40010E9CD /* Debug */,
				1DEB927608733DD40010E9CD /* Release */,
			);
			defaultConfigurationIsVisible = 0;
			defaultConfigurationName = Release;
		};
		1DEB927808733DD40010E9CD /* Build configuration list for PBXProject "Greeter" */ = {
			isa = XCConfigurationList;
			buildConfigurations = (
				1DEB927908733DD40010E9CD /* Debug */,
				1DEB927A08733DD40010E9CD /* Release */,
			);
			defaultConfigurationIsVisible = 0;
			defaultConfigurationName = Release;
		};
/* End XCConfigurationList section */
	};
	rootObject = 08FB7793FE84155DC02AAC07 /* Project object */;
}
